
Microsoft Visual Studio Solution File, Format Version 12.00
# Visual Studio 15
VisualStudioVersion = 15.0.28307.572
MinimumVisualStudioVersion = 10.0.40219.1
Project("{FAE04EC0-301F-11D3-BF4B-00C04F79EFBC}") = "QuickBuy.Dominio", "QuickBuy.Dominio\QuickBuy.Dominio.csproj", "{B5976531-99B7-4330-83CB-89A943E255CF}"
EndProject
Project("{FAE04EC0-301F-11D3-BF4B-00C04F79EFBC}") = "QuickBuy.Repositorio", "QuickBuy.Repositorio\QuickBuy.Repositorio.csproj", "{A87A6F49-CA03-4563-ACB1-6077DECA1732}"
EndProject
Project("{FAE04EC0-301F-11D3-BF4B-00C04F79EFBC}") = "QuickBuy.Web", "QuickBuy.Web\QuickBuy.Web.csproj", "{A655889C-5644-4DC9-BDA9-74B4EDB579CB}"
EndProject
Global
	GlobalSection(SolutionConfigurationPlatforms) = preSolution
		Debug|Any CPU = Debug|Any CPU
		Release|Any CPU = Release|Any CPU
	EndGlobalSection
	GlobalSection(ProjectConfigurationPlatforms) = postSolution
		{B5976531-99B7-4330-83CB-89A943E255CF}.Debug|Any CPU.ActiveCfg = Debug|Any CPU
		{B5976531-99B7-4330-83CB-89A943E255CF}.Debug|Any CPU.Build.0 = Debug|Any CPU
		{B5976531-99B7-4330-83CB-89A943E255CF}.Release|Any CPU.ActiveCfg = Release|Any CPU
		{B5976531-99B7-4330-83CB-89A943E255CF}.Release|Any CPU.Build.0 = Release|Any CPU
		{A87A6F49-CA03-4563-ACB1-6077DECA1732}.Debug|Any CPU.ActiveCfg = Debug|Any CPU
		{A87A6F49-CA03-4563-ACB1-6077DECA1732}.Debug|Any CPU.Build.0 = Debug|Any CPU
		{A87A6F49-CA03-4563-ACB1-6077DECA1732}.Release|Any CPU.ActiveCfg = Release|Any CPU
		{A87A6F49-CA03-4563-ACB1-6077DECA1732}.Release|Any CPU.Build.0 = Release|Any CPU
		{A655889C-5644-4DC9-BDA9-74B4EDB579CB}.Debug|Any CPU.ActiveCfg = Debug|Any CPU
		{A655889C-5644-4DC9-BDA9-74B4EDB579CB}.Debug|Any CPU.Build.0 = Debug|Any CPU
		{A655889C-5644-4DC9-BDA9-74B4EDB579CB}.Release|Any CPU.ActiveCfg = Release|Any CPU
		{A655889C-5644-4DC9-BDA9-74B4EDB579CB}.Release|Any CPU.Build.0 = Release|Any CPU
	EndGlobalSection
	GlobalSection(SolutionProperties) = preSolution
		HideSolutionNode = FALSE
	EndGlobalSection
	GlobalSection(ExtensibilityGlobals) = postSolution
		SolutionGuid = {FCEC05D5-23FA-4E8A-AF02-7D5D1F2BAFC3}
	EndGlobalSection
EndGlobal
